
Microsoft Visual Studio Solution File, Format Version 12.00
# Visual Studio Version 17
VisualStudioVersion = 17.10.35013.160
MinimumVisualStudioVersion = 10.0.40219.1
Project("{9A19103F-16F7-4668-BE54-9A1E7A4F7556}") = "BlazorEccomerce.Server", "BlazorEccomerce\Server\BlazorEccomerce.Server.csproj", "{529EA5CC-E29D-4841-AF5D-D0C0A2BB4E93}"
EndProject
Project("{9A19103F-16F7-4668-BE54-9A1E7A4F7556}") = "BlazorEccomerce.Client", "BlazorEccomerce\Client\BlazorEccomerce.Client.csproj", "{3F6EA6AF-6973-4646-8894-A9D12B6BAEC2}"
EndProject
Project("{9A19103F-16F7-4668-BE54-9A1E7A4F7556}") = "BlazorEccomerce.Shared", "BlazorEccomerce\Shared\BlazorEccomerce.Shared.csproj", "{B352A37C-CAE9-4967-B60A-41D52C605B13}"
EndProject
Global
	GlobalSection(SolutionConfigurationPlatforms) = preSolution
		Debug|Any CPU = Debug|Any CPU
		Release|Any CPU = Release|Any CPU
	EndGlobalSection
	GlobalSection(ProjectConfigurationPlatforms) = postSolution
		{529EA5CC-E29D-4841-AF5D-D0C0A2BB4E93}.Debug|Any CPU.ActiveCfg = Debug|Any CPU
		{529EA5CC-E29D-4841-AF5D-D0C0A2BB4E93}.Debug|Any CPU.Build.0 = Debug|Any CPU
		{529EA5CC-E29D-4841-AF5D-D0C0A2BB4E93}.Release|Any CPU.ActiveCfg = Release|Any CPU
		{529EA5CC-E29D-4841-AF5D-D0C0A2BB4E93}.Release|Any CPU.Build.0 = Release|Any CPU
		{3F6EA6AF-6973-4646-8894-A9D12B6BAEC2}.Debug|Any CPU.ActiveCfg = Debug|Any CPU
		{3F6EA6AF-6973-4646-8894-A9D12B6BAEC2}.Debug|Any CPU.Build.0 = Debug|Any CPU
		{3F6EA6AF-6973-4646-8894-A9D12B6BAEC2}.Release|Any CPU.ActiveCfg = Release|Any CPU
		{3F6EA6AF-6973-4646-8894-A9D12B6BAEC2}.Release|Any CPU.Build.0 = Release|Any CPU
		{B352A37C-CAE9-4967-B60A-41D52C605B13}.Debug|Any CPU.ActiveCfg = Debug|Any CPU
		{B352A37C-CAE9-4967-B60A-41D52C605B13}.Debug|Any CPU.Build.0 = Debug|Any CPU
		{B352A37C-CAE9-4967-B60A-41D52C605B13}.Release|Any CPU.ActiveCfg = Release|Any CPU
		{B352A37C-CAE9-4967-B60A-41D52C605B13}.Release|Any CPU.Build.0 = Release|Any CPU
	EndGlobalSection
	GlobalSection(SolutionProperties) = preSolution
		HideSolutionNode = FALSE
	EndGlobalSection
	GlobalSection(ExtensibilityGlobals) = postSolution
		SolutionGuid = {7B3241E8-C78C-41C4-BD9D-22C3F27935D6}
	EndGlobalSection
EndGlobal
